
Microsoft Visual Studio Solution File, Format Version 12.00
# Visual Studio 15
VisualStudioVersion = 15.0.27703.1
MinimumVisualStudioVersion = 10.0.40219.1
Project("{FAE04EC0-301F-11D3-BF4B-00C04F79EFBC}") = "PlanillaNuevasAltas", "PlanillaNuevasAltas\PlanillaNuevasAltas.csproj", "{3848AF1B-373F-48F2-B9DA-DA70587C71F8}"
EndProject
Global
	GlobalSection(SolutionConfigurationPlatforms) = preSolution
		Debug|Any CPU = Debug|Any CPU
		Release|Any CPU = Release|Any CPU
	EndGlobalSection
	GlobalSection(ProjectConfigurationPlatforms) = postSolution
		{3848AF1B-373F-48F2-B9DA-DA70587C71F8}.Debug|Any CPU.ActiveCfg = Debug|Any CPU
		{3848AF1B-373F-48F2-B9DA-DA70587C71F8}.Debug|Any CPU.Build.0 = Debug|Any CPU
		{3848AF1B-373F-48F2-B9DA-DA70587C71F8}.Release|Any CPU.ActiveCfg = Release|Any CPU
		{3848AF1B-373F-48F2-B9DA-DA70587C71F8}.Release|Any CPU.Build.0 = Release|Any CPU
	EndGlobalSection
	GlobalSection(SolutionProperties) = preSolution
		HideSolutionNode = FALSE
	EndGlobalSection
	GlobalSection(ExtensibilityGlobals) = postSolution
		SolutionGuid = {AD900852-4BE5-48A4-8576-F0D1445AE0DA}
	EndGlobalSection
EndGlobal
